
Microsoft Visual Studio Solution File, Format Version 12.00
# Visual Studio Version 17
VisualStudioVersion = 17.14.36518.9 d17.14
MinimumVisualStudioVersion = 10.0.40219.1
Project("{FAE04EC0-301F-11D3-BF4B-00C04F79EFBC}") = "UniSeapShop.API", "UniSeapShop.API\UniSeapShop.API.csproj", "{0CF8CA09-6CEC-42A6-84EA-0D58930DCACC}"
EndProject
Global
	GlobalSection(SolutionConfigurationPlatforms) = preSolution
		Debug|Any CPU = Debug|Any CPU
		Release|Any CPU = Release|Any CPU
	EndGlobalSection
	GlobalSection(ProjectConfigurationPlatforms) = postSolution
		{0CF8CA09-6CEC-42A6-84EA-0D58930DCACC}.Debug|Any CPU.ActiveCfg = Debug|Any CPU
		{0CF8CA09-6CEC-42A6-84EA-0D58930DCACC}.Debug|Any CPU.Build.0 = Debug|Any CPU
		{0CF8CA09-6CEC-42A6-84EA-0D58930DCACC}.Release|Any CPU.ActiveCfg = Release|Any CPU
		{0CF8CA09-6CEC-42A6-84EA-0D58930DCACC}.Release|Any CPU.Build.0 = Release|Any CPU
	EndGlobalSection
	GlobalSection(SolutionProperties) = preSolution
		HideSolutionNode = FALSE
	EndGlobalSection
	GlobalSection(ExtensibilityGlobals) = postSolution
		SolutionGuid = {996B70BE-4F0E-47CC-A8E4-1C44F4222836}
	EndGlobalSection
EndGlobal
